// !$*UTF8*$!
{
	archiveVersion = 1;
	classes = {
	};
	objectVersion = 50;
	objects = {

/* Begin PBXBuildFile section */
		B6368033228BACBA003FE616 /* AppDelegate.swift in Sources */ = {isa = PBXBuildFile; fileRef = B6368032228BACBA003FE616 /* AppDelegate.swift */; };
		B6368035228BACBA003FE616 /* ViewController.swift in Sources */ = {isa = PBXBuildFile; fileRef = B6368034228BACBA003FE616 /* ViewController.swift */; };
		B6368038228BACBA003FE616 /* Main.storyboard in Resources */ = {isa = PBXBuildFile; fileRef = B6368036228BACBA003FE616 /* Main.storyboard */; };
		B636803B228BACBA003FE616 /* ChenRestaurant.xcdatamodeld in Sources */ = {isa = PBXBuildFile; fileRef = B6368039228BACBA003FE616 /* ChenRestaurant.xcdatamodeld */; };
		B636803D228BACBC003FE616 /* Assets.xcassets in Resources */ = {isa = PBXBuildFile; fileRef = B636803C228BACBC003FE616 /* Assets.xcassets */; };
		B6368040228BACBC003FE616 /* LaunchScreen.storyboard in Resources */ = {isa = PBXBuildFile; fileRef = B636803E228BACBC003FE616 /* LaunchScreen.storyboard */; };
/* End PBXBuildFile section */

/* Begin PBXFileReference section */
		B636802F228BACBA003FE616 /* ChenRestaurant.app */ = {isa = PBXFileReference; explicitFileType = wrapper.application; includeInIndex = 0; path = ChenRestaurant.app; sourceTree = BUILT_PRODUCTS_DIR; };
		B6368032228BACBA003FE616 /* AppDelegate.swift */ = {isa = PBXFileReference; lastKnownFileType = sourcecode.swift; path = AppDelegate.swift; sourceTree = "<group>"; };
		B6368034228BACBA003FE616 /* ViewController.swift */ = {isa = PBXFileReference; lastKnownFileType = sourcecode.swift; path = ViewController.swift; sourceTree = "<group>"; };
		B6368037228BACBA003FE616 /* Base */ = {isa = PBXFileReference; lastKnownFileType = file.storyboard; name = Base; path = Base.lproj/Main.storyboard; sourceTree = "<group>"; };
		B636803A228BACBA003FE616 /* ChenRestaurant.xcdatamodel */ = {isa = PBXFileReference; lastKnownFileType = wrapper.xcdatamodel; path = ChenRestaurant.xcdatamodel; sourceTree = "<group>"; };
		B636803C228BACBC003FE616 /* Assets.xcassets */ = {isa = PBXFileReference; lastKnownFileType = folder.assetcatalog; path = Assets.xcassets; sourceTree = "<group>"; };
		B636803F228BACBC003FE616 /* Base */ = {isa = PBXFileReference; lastKnownFileType = file.storyboard; name = Base; path = Base.lproj/LaunchScreen.storyboard; sourceTree = "<group>"; };
		B6368041228BACBC003FE616 /* Info.plist */ = {isa = PBXFileReference; lastKnownFileType = text.plist.xml; path = Info.plist; sourceTree = "<group>"; };
/* End PBXFileReference section */

/* Begin PBXFrameworksBuildPhase section */
		B636802C228BACBA003FE616 /* Frameworks */ = {
			isa = PBXFrameworksBuildPhase;
			buildActionMask = 2147483647;
			files = (
			);
			runOnlyForDeploymentPostprocessing = 0;
		};
/* End PBXFrameworksBuildPhase section */

/* Begin PBXGroup section */
		B6368026228BACBA003FE616 = {
			isa = PBXGroup;
			children = (
				B6368031228BACBA003FE616 /* ChenRestaurant */,
				B6368030228BACBA003FE616 /* Products */,
			);
			sourceTree = "<group>";
		};
		B6368030228BACBA003FE616 /* Products */ = {
			isa = PBXGroup;
			children = (
				B636802F228BACBA003FE616 /* ChenRestaurant.app */,
			);
			name = Products;
			sourceTree = "<group>";
		};
		B6368031228BACBA003FE616 /* ChenRestaurant */ = {
			isa = PBXGroup;
			children = (
				B6368032228BACBA003FE616 /* AppDelegate.swift */,
				B6368034228BACBA003FE616 /* ViewController.swift */,
				B6368036228BACBA003FE616 /* Main.storyboard */,
				B636803C228BACBC003FE616 /* Assets.xcassets */,
				B636803E228BACBC003FE616 /* LaunchScreen.storyboard */,
				B6368041228BACBC003FE616 /* Info.plist */,
				B6368039228BACBA003FE616 /* ChenRestaurant.xcdatamodeld */,
			);
			path = ChenRestaurant;
			sourceTree = "<group>";
		};
/* End PBXGroup section */

/* Begin PBXNativeTarget section */
		B636802E228BACBA003FE616 /* ChenRestaurant */ = {
			isa = PBXNativeTarget;
			buildConfigurationList = B6368044228BACBC003FE616 /* Build configuration list for PBXNativeTarget "ChenRestaurant" */;
			buildPhases = (
				B636802B228BACBA003FE616 /* Sources */,
				B636802C228BACBA003FE616 /* Frameworks */,
				B636802D228BACBA003FE616 /* Resources */,
			);
			buildRules = (
			);
			dependencies = (
			);
			name = ChenRestaurant;
			productName = ChenRestaurant;
			productReference = B636802F228BACBA003FE616 /* ChenRestaurant.app */;
			productType = "com.apple.product-type.application";
		};
/* End PBXNativeTarget section */

/* Begin PBXProject section */
		B6368027228BACBA003FE616 /* Project object */ = {
			isa = PBXProject;
			attributes = {
				LastSwiftUpdateCheck = 1010;
				LastUpgradeCheck = 1010;
				ORGANIZATIONNAME = dattt;
				TargetAttributes = {
					B636802E228BACBA003FE616 = {
						CreatedOnToolsVersion = 10.1;
					};
				};
			};
			buildConfigurationList = B636802A228BACBA003FE616 /* Build configuration list for PBXProject "ChenRestaurant" */;
			compatibilityVersion = "Xcode 9.3";
			developmentRegion = en;
			hasScannedForEncodings = 0;
			knownRegions = (
				en,
				Base,
			);
			mainGroup = B6368026228BACBA003FE616;
			productRefGroup = B6368030228BACBA003FE616 /* Products */;
			projectDirPath = "";
			projectRoot = "";
			targets = (
				B636802E228BACBA003FE616 /* ChenRestaurant */,
			);
		};
/* End PBXProject section */

/* Begin PBXResourcesBuildPhase section */
		B636802D228BACBA003FE616 /* Resources */ = {
			isa = PBXResourcesBuildPhase;
			buildActionMask = 2147483647;
			files = (
				B6368040228BACBC003FE616 /* LaunchScreen.storyboard in Resources */,
				B636803D228BACBC003FE616 /* Assets.xcassets in Resources */,
				B6368038228BACBA003FE616 /* Main.storyboard in Resources */,
			);
			runOnlyForDeploymentPostprocessing = 0;
		};
/* End PBXResourcesBuildPhase section */

/* Begin PBXSourcesBuildPhase section */
		B636802B228BACBA003FE616 /* Sources */ = {
			isa = PBXSourcesBuildPhase;
			buildActionMask = 2147483647;
			files = (
				B6368035228BACBA003FE616 /* ViewController.swift in Sources */,
				B6368033228BACBA003FE616 /* AppDelegate.swift in Sources */,
				B636803B228BACBA003FE616 /* ChenRestaurant.xcdatamodeld in Sources */,
			);
			runOnlyForDeploymentPostprocessing = 0;
		};
/* End PBXSourcesBuildPhase section */

/* Begin PBXVariantGroup section */
		B6368036228BACBA003FE616 /* Main.storyboard */ = {
			isa = PBXVariantGroup;
			children = (
				B6368037228BACBA003FE616 /* Base */,
			);
			name = Main.storyboard;
			sourceTree = "<group>";
		};
		B636803E228BACBC003FE616 /* LaunchScreen.storyboard */ = {
			isa = PBXVariantGroup;
			children = (
				B636803F228BACBC003FE616 /* Base */,
			);
			name = LaunchScreen.storyboard;
			sourceTree = "<group>";
		};
/* End PBXVariantGroup section */

/* Begin XCBuildConfiguration section */
		B6368042228BACBC003FE616 /* Debug */ = {
			isa = XCBuildConfiguration;
			buildSettings = {
				ALWAYS_SEARCH_USER_PATHS = NO;
				CLANG_ANALYZER_NONNULL = YES;
				CLANG_ANALYZER_NUMBER_OBJECT_CONVERSION = YES_AGGRESSIVE;
				CLANG_CXX_LANGUAGE_STANDARD = "gnu++14";
				CLANG_CXX_LIBRARY = "libc++";
				CLANG_ENABLE_MODULES = YES;
				CLANG_ENABLE_OBJC_ARC = YES;
				CLANG_ENABLE_OBJC_WEAK = YES;
				CLANG_WARN_BLOCK_CAPTURE_AUTORELEASING = YES;
				CLANG_WARN_BOOL_CONVERSION = YES;
				CLANG_WARN_COMMA = YES;
				CLANG_WARN_CONSTANT_CONVERSION = YES;
				CLANG_WARN_DEPRECATED_OBJC_IMPLEMENTATIONS = YES;
				CLANG_WARN_DIRECT_OBJC_ISA_USAGE = YES_ERROR;
				CLANG_WARN_DOCUMENTATION_COMMENTS = YES;
				CLANG_WARN_EMPTY_BODY = YES;
				CLANG_WARN_ENUM_CONVERSION = YES;
				CLANG_WARN_INFINITE_RECURSION = YES;
				CLANG_WARN_INT_CONVERSION = YES;
				CLANG_WARN_NON_LITERAL_NULL_CONVERSION = YES;
				CLANG_WARN_OBJC_IMPLICIT_RETAIN_SELF = YES;
				CLANG_WARN_OBJC_LITERAL_CONVERSION = YES;
				CLANG_WARN_OBJC_ROOT_CLASS = YES_ERROR;
				CLANG_WARN_RANGE_LOOP_ANALYSIS = YES;
				CLANG_WARN_STRICT_PROTOTYPES = YES;
				CLANG_WARN_SUSPICIOUS_MOVE = YES;
				CLANG_WARN_UNGUARDED_AVAILABILITY = YES_AGGRESSIVE;
				CLANG_WARN_UNREACHABLE_CODE = YES;
				CLANG_WARN__DUPLICATE_METHOD_MATCH = YES;
				CODE_SIGN_IDENTITY = "iPhone Developer";
				COPY_PHASE_STRIP = NO;
				DEBUG_INFORMATION_FORMAT = dwarf;
				ENABLE_STRICT_OBJC_MSGSEND = YES;
				ENABLE_TESTABILITY = YES;
				GCC_C_LANGUAGE_STANDARD = gnu11;
				GCC_DYNAMIC_NO_PIC = NO;
				GCC_NO_COMMON_BLOCKS = YES;
				GCC_OPTIMIZATION_LEVEL = 0;
				GCC_PREPROCESSOR_DEFINITIONS = (
					"DEBUG=1",
					"$(inherited)",
				);
				GCC_WARN_64_TO_32_BIT_CONVERSION = YES;
				GCC_WARN_ABOUT_RETURN_TYPE = YES_ERROR;
				GCC_WARN_UNDECLARED_SELECTOR = YES;
				GCC_WARN_UNINITIALIZED_AUTOS = YES_AGGRESSIVE;
				GCC_WARN_UNUSED_FUNCTION = YES;
				GCC_WARN_UNUSED_VARIABLE = YES;
				IPHONEOS_DEPLOYMENT_TARGET = 12.1;
				MTL_ENABLE_DEBUG_INFO = INCLUDE_SOURCE;
				MTL_FAST_MATH = YES;
				ONLY_ACTIVE_ARCH = YES;
				SDKROOT = iphoneos;
				SWIFT_ACTIVE_COMPILATION_CONDITIONS = DEBUG;
				SWIFT_OPTIMIZATION_LEVEL = "-Onone";
			};
			name = Debug;
		};
		B6368043228BACBC003FE616 /* Release */ = {
			isa = XCBuildConfiguration;
			buildSettings = {
				ALWAYS_SEARCH_USER_PATHS = NO;
				CLANG_ANALYZER_NONNULL = YES;
				CLANG_ANALYZER_NUMBER_OBJECT_CONVERSION = YES_AGGRESSIVE;
				CLANG_CXX_LANGUAGE_STANDARD = "gnu++14";
				CLANG_CXX_LIBRARY = "libc++";
				CLANG_ENABLE_MODULES = YES;
				CLANG_ENABLE_OBJC_ARC = YES;
				CLANG_ENABLE_OBJC_WEAK = YES;
				CLANG_WARN_BLOCK_CAPTURE_AUTORELEASING = YES;
				CLANG_WARN_BOOL_CONVERSION = YES;
				CLANG_WARN_COMMA = YES;
				CLANG_WARN_CONSTANT_CONVERSION = YES;
				CLANG_WARN_DEPRECATED_OBJC_IMPLEMENTATIONS = YES;
				CLANG_WARN_DIRECT_OBJC_ISA_USAGE = YES_ERROR;
				CLANG_WARN_DOCUMENTATION_COMMENTS = YES;
				CLANG_WARN_EMPTY_BODY = YES;
				CLANG_WARN_ENUM_CONVERSION = YES;
				CLANG_WARN_INFINITE_RECURSION = YES;
				CLANG_WARN_INT_CONVERSION = YES;
				CLANG_WARN_NON_LITERAL_NULL_CONVERSION = YES;
				CLANG_WARN_OBJC_IMPLICIT_RETAIN_SELF = YES;
				CLANG_WARN_OBJC_LITERAL_CONVERSION = YES;
				CLANG_WARN_OBJC_ROOT_CLASS = YES_ERROR;
				CLANG_WARN_RANGE_LOOP_ANALYSIS = YES;
				CLANG_WARN_STRICT_PROTOTYPES = YES;
				CLANG_WARN_SUSPICIOUS_MOVE = YES;
				CLANG_WARN_UNGUARDED_AVAILABILITY = YES_AGGRESSIVE;
				CLANG_WARN_UNREACHABLE_CODE = YES;
				CLANG_WARN__DUPLICATE_METHOD_MATCH = YES;
				CODE_SIGN_IDENTITY = "iPhone Developer";
				COPY_PHASE_STRIP = NO;
				DEBUG_INFORMATION_FORMAT = "dwarf-with-dsym";
				ENABLE_NS_ASSERTIONS = NO;
				ENABLE_STRICT_OBJC_MSGSEND = YES;
				GCC_C_LANGUAGE_STANDARD = gnu11;
				GCC_NO_COMMON_BLOCKS = YES;
				GCC_WARN_64_TO_32_BIT_CONVERSION = YES;
				GCC_WARN_ABOUT_RETURN_TYPE = YES_ERROR;
				GCC_WARN_UNDECLARED_SELECTOR = YES;
				GCC_WARN_UNINITIALIZED_AUTOS = YES_AGGRESSIVE;
				GCC_WARN_UNUSED_FUNCTION = YES;
				GCC_WARN_UNUSED_VARIABLE = YES;
				IPHONEOS_DEPLOYMENT_TARGET = 12.1;
				MTL_ENABLE_DEBUG_INFO = NO;
				MTL_FAST_MATH = YES;
				SDKROOT = iphoneos;
				SWIFT_COMPILATION_MODE = wholemodule;
				SWIFT_OPTIMIZATION_LEVEL = "-O";
				VALIDATE_PRODUCT = YES;
			};
			name = Release;
		};
		B6368045228BACBC003FE616 /* Debug */ = {
			isa = XCBuildConfiguration;
			buildSettings = {
				ASSETCATALOG_COMPILER_APPICON_NAME = AppIcon;
				CODE_SIGN_STYLE = Automatic;
				INFOPLIST_FILE = ChenRestaurant/Info.plist;
				LD_RUNPATH_SEARCH_PATHS = (
					"$(inherited)",
					"@executable_path/Frameworks",
				);
				PRODUCT_BUNDLE_IDENTIFIER = com.net.ChenRestaurant;
				PRODUCT_NAME = "$(TARGET_NAME)";
				SWIFT_VERSION = 4.2;
				TARGETED_DEVICE_FAMILY = "1,2";
			};
			name = Debug;
		};
		B6368046228BACBC003FE616 /* Release */ = {
			isa = XCBuildConfiguration;
			buildSettings = {
				ASSETCATALOG_COMPILER_APPICON_NAME = AppIcon;
				CODE_SIGN_STYLE = Automatic;
				INFOPLIST_FILE = ChenRestaurant/Info.plist;
				LD_RUNPATH_SEARCH_PATHS = (
					"$(inherited)",
					"@executable_path/Frameworks",
				);
				PRODUCT_BUNDLE_IDENTIFIER = com.net.ChenRestaurant;
				PRODUCT_NAME = "$(TARGET_NAME)";
				SWIFT_VERSION = 4.2;
				TARGETED_DEVICE_FAMILY = "1,2";
			};
			name = Release;
		};
/* End XCBuildConfiguration section */

/* Begin XCConfigurationList section */
		B636802A228BACBA003FE616 /* Build configuration list for PBXProject "ChenRestaurant" */ = {
			isa = XCConfigurationList;
			buildConfigurations = (
				B6368042228BACBC003FE616 /* Debug */,
				B6368043228BACBC003FE616 /* Release */,
			);
			defaultConfigurationIsVisible = 0;
			defaultConfigurationName = Release;
		};
		B6368044228BACBC003FE616 /* Build configuration list for PBXNativeTarget "ChenRestaurant" */ = {
			isa = XCConfigurationList;
			buildConfigurations = (
				B6368045228BACBC003FE616 /* Debug */,
				B6368046228BACBC003FE616 /* Release */,
			);
			defaultConfigurationIsVisible = 0;
			defaultConfigurationName = Release;
		};
/* End XCConfigurationList section */

/* Begin XCVersionGroup section */
		B6368039228BACBA003FE616 /* ChenRestaurant.xcdatamodeld */ = {
			isa = XCVersionGroup;
			children = (
				B636803A228BACBA003FE616 /* ChenRestaurant.xcdatamodel */,
			);
			currentVersion = B636803A228BACBA003FE616 /* ChenRestaurant.xcdatamodel */;
			path = ChenRestaurant.xcdatamodeld;
			sourceTree = "<group>";
			versionGroupType = wrapper.xcdatamodel;
		};
/* End XCVersionGroup section */
	};
	rootObject = B6368027228BACBA003FE616 /* Project object */;
}
